
Microsoft Visual Studio Solution File, Format Version 12.00
# Visual Studio 15
VisualStudioVersion = 15.0.28307.168
MinimumVisualStudioVersion = 10.0.40219.1
Project("{FAE04EC0-301F-11D3-BF4B-00C04F79EFBC}") = "ExercicioFuncionario", "ExercicioFuncionario\ExercicioFuncionario.csproj", "{FF1E017D-57C8-44D9-ABDA-401ABA22143B}"
EndProject
Project("{FAE04EC0-301F-11D3-BF4B-00C04F79EFBC}") = "Models", "Models\Models.csproj", "{08B952A9-9F70-4F5F-9102-47B9B1000F4D}"
EndProject
Project("{FAE04EC0-301F-11D3-BF4B-00C04F79EFBC}") = "Repositories", "Repositories\Repositories.csproj", "{C82D1F08-37DA-4903-8A04-43B3E6FD7DDF}"
EndProject
Project("{FAE04EC0-301F-11D3-BF4B-00C04F79EFBC}") = "FuncionarioViewModel", "FuncionarioViewModel\FuncionarioViewModel.csproj", "{6F368E98-A7C7-49B0-8A1E-0EE01FD8B7D7}"
EndProject
Global
	GlobalSection(SolutionConfigurationPlatforms) = preSolution
		Debug|Any CPU = Debug|Any CPU
		Release|Any CPU = Release|Any CPU
	EndGlobalSection
	GlobalSection(ProjectConfigurationPlatforms) = postSolution
		{FF1E017D-57C8-44D9-ABDA-401ABA22143B}.Debug|Any CPU.ActiveCfg = Debug|Any CPU
		{FF1E017D-57C8-44D9-ABDA-401ABA22143B}.Debug|Any CPU.Build.0 = Debug|Any CPU
		{FF1E017D-57C8-44D9-ABDA-401ABA22143B}.Release|Any CPU.ActiveCfg = Release|Any CPU
		{FF1E017D-57C8-44D9-ABDA-401ABA22143B}.Release|Any CPU.Build.0 = Release|Any CPU
		{08B952A9-9F70-4F5F-9102-47B9B1000F4D}.Debug|Any CPU.ActiveCfg = Debug|Any CPU
		{08B952A9-9F70-4F5F-9102-47B9B1000F4D}.Debug|Any CPU.Build.0 = Debug|Any CPU
		{08B952A9-9F70-4F5F-9102-47B9B1000F4D}.Release|Any CPU.ActiveCfg = Release|Any CPU
		{08B952A9-9F70-4F5F-9102-47B9B1000F4D}.Release|Any CPU.Build.0 = Release|Any CPU
		{C82D1F08-37DA-4903-8A04-43B3E6FD7DDF}.Debug|Any CPU.ActiveCfg = Debug|Any CPU
		{C82D1F08-37DA-4903-8A04-43B3E6FD7DDF}.Debug|Any CPU.Build.0 = Debug|Any CPU
		{C82D1F08-37DA-4903-8A04-43B3E6FD7DDF}.Release|Any CPU.ActiveCfg = Release|Any CPU
		{C82D1F08-37DA-4903-8A04-43B3E6FD7DDF}.Release|Any CPU.Build.0 = Release|Any CPU
		{6F368E98-A7C7-49B0-8A1E-0EE01FD8B7D7}.Debug|Any CPU.ActiveCfg = Debug|Any CPU
		{6F368E98-A7C7-49B0-8A1E-0EE01FD8B7D7}.Debug|Any CPU.Build.0 = Debug|Any CPU
		{6F368E98-A7C7-49B0-8A1E-0EE01FD8B7D7}.Release|Any CPU.ActiveCfg = Release|Any CPU
		{6F368E98-A7C7-49B0-8A1E-0EE01FD8B7D7}.Release|Any CPU.Build.0 = Release|Any CPU
	EndGlobalSection
	GlobalSection(SolutionProperties) = preSolution
		HideSolutionNode = FALSE
	EndGlobalSection
	GlobalSection(ExtensibilityGlobals) = postSolution
		SolutionGuid = {11B20F0E-11D5-40BC-81E1-9C886970154A}
	EndGlobalSection
EndGlobal
